Microsoft Visual Studio Solution File, Format Version 12.00
# Visual Studio 2012
Project("{FAE04EC0-301F-11D3-BF4B-00C04F79EFBC}") = "eMessagePipe", "eMessagePipe.csproj", "{E85D28FC-FABC-4FE7-B715-42B25A5AA360}"
EndProject
Project("{2150E333-8FDC-42A3-9474-1A3956D46DE8}") = "External Items", "External Items", "{02EAFFD1-1442-43FE-AC8A-DFABC3A06B14}"
	ProjectSection(SolutionItems) = preProject
		..\..\.gitattributes = ..\..\.gitattributes
		..\..\.gitignore = ..\..\.gitignore
		..\..\LICENSE = ..\..\LICENSE
		..\..\.editorconfig = ..\..\.editorconfig
		..\..\README.md = ..\..\README.md
	EndProjectSection
EndProject
Global
	GlobalSection(SolutionConfigurationPlatforms) = preSolution
	Debug|Any CPU = Debug|Any CPU
	ExportDebug|Any CPU = ExportDebug|Any CPU
	ExportRelease|Any CPU = ExportRelease|Any CPU
	EndGlobalSection
	GlobalSection(ProjectConfigurationPlatforms) = postSolution
		{E85D28FC-FABC-4FE7-B715-42B25A5AA360}.Debug|Any CPU.ActiveCfg = Debug|Any CPU
		{E85D28FC-FABC-4FE7-B715-42B25A5AA360}.Debug|Any CPU.Build.0 = Debug|Any CPU
		{E85D28FC-FABC-4FE7-B715-42B25A5AA360}.ExportDebug|Any CPU.ActiveCfg = ExportDebug|Any CPU
		{E85D28FC-FABC-4FE7-B715-42B25A5AA360}.ExportDebug|Any CPU.Build.0 = ExportDebug|Any CPU
		{E85D28FC-FABC-4FE7-B715-42B25A5AA360}.ExportRelease|Any CPU.ActiveCfg = ExportRelease|Any CPU
		{E85D28FC-FABC-4FE7-B715-42B25A5AA360}.ExportRelease|Any CPU.Build.0 = ExportRelease|Any CPU
	EndGlobalSection
EndGlobal
